// !$*UTF8*$!
{
	archiveVersion = 1;
	classes = {
	};
	objectVersion = 77;
	objects = {

/* Begin PBXBuildFile section */
		F490AA422D8EBAB300802102 /* FirebaseFirestore in Frameworks */ = {isa = PBXBuildFile; productRef = F490AA412D8EBAB300802102 /* FirebaseFirestore */; };
		F498779E2DAAA79300CAF5F3 /* FirebaseStorage in Frameworks */ = {isa = PBXBuildFile; productRef = F498779D2DAAA79300CAF5F3 /* FirebaseStorage */; };
		F4C9F0362D8D552100DD2325 /* FirebaseAuth in Frameworks */ = {isa = PBXBuildFile; productRef = F4C9F0352D8D552100DD2325 /* FirebaseAuth */; };
		F4C9F0382D8D552F00DD2325 /* FirebaseCore in Frameworks */ = {isa = PBXBuildFile; productRef = F4C9F0372D8D552F00DD2325 /* FirebaseCore */; };
/* End PBXBuildFile section */

/* Begin PBXContainerItemProxy section */
		F484E87B2DBE75E0001CC5B1 /* PBXContainerItemProxy */ = {
			isa = PBXContainerItemProxy;
			containerPortal = F4B061B12D88811A00D3890B /* Project object */;
			proxyType = 1;
			remoteGlobalIDString = F4B061B82D88811A00D3890B;
			remoteInfo = CarLix;
		};
/* End PBXContainerItemProxy section */

/* Begin PBXFileReference section */
		F484E8772DBE75E0001CC5B1 /* CarLixTests.xctest */ = {isa = PBXFileReference; explicitFileType = wrapper.cfbundle; includeInIndex = 0; path = CarLixTests.xctest; sourceTree = BUILT_PRODUCTS_DIR; };
		F4B061B92D88811A00D3890B /* CarLix.app */ = {isa = PBXFileReference; explicitFileType = wrapper.application; includeInIndex = 0; path = CarLix.app; sourceTree = BUILT_PRODUCTS_DIR; };
/* End PBXFileReference section */

/* Begin PBXFileSystemSynchronizedBuildFileExceptionSet section */
		F484E9C52DBE8C91001CC5B1 /* Exceptions for "CarLix" folder in "CarLix" target */ = {
			isa = PBXFileSystemSynchronizedBuildFileExceptionSet;
			membershipExceptions = (
				Info.plist,
			);
			target = F4B061B82D88811A00D3890B /* CarLix */;
		};
/* End PBXFileSystemSynchronizedBuildFileExceptionSet section */

/* Begin PBXFileSystemSynchronizedRootGroup section */
		F484E99E2DBE8C91001CC5B1 /* CarLix */ = {
			isa = PBXFileSystemSynchronizedRootGroup;
			exceptions = (
				F484E9C52DBE8C91001CC5B1 /* Exceptions for "CarLix" folder in "CarLix" target */,
			);
			path = CarLix;
			sourceTree = "<group>";
		};
/* End PBXFileSystemSynchronizedRootGroup section */

/* Begin PBXFrameworksBuildPhase section */
		F484E8742DBE75E0001CC5B1 /* Frameworks */ = {
			isa = PBXFrameworksBuildPhase;
			buildActionMask = 2147483647;
			files = (
			);
			runOnlyForDeploymentPostprocessing = 0;
		};
		F4B061B62D88811A00D3890B /* Frameworks */ = {
			isa = PBXFrameworksBuildPhase;
			buildActionMask = 2147483647;
			files = (
				F4C9F0382D8D552F00DD2325 /* FirebaseCore in Frameworks */,
				F498779E2DAAA79300CAF5F3 /* FirebaseStorage in Frameworks */,
				F4C9F0362D8D552100DD2325 /* FirebaseAuth in Frameworks */,
				F490AA422D8EBAB300802102 /* FirebaseFirestore in Frameworks */,
			);
			runOnlyForDeploymentPostprocessing = 0;
		};
/* End PBXFrameworksBuildPhase section */

/* Begin PBXGroup section */
		F4B061B02D88811A00D3890B = {
			isa = PBXGroup;
			children = (
				F4C9F0342D8D552100DD2325 /* Frameworks */,
				F4B061BA2D88811A00D3890B /* Products */,
				F484E99E2DBE8C91001CC5B1 /* CarLix */,
			);
			sourceTree = "<group>";
		};
		F4B061BA2D88811A00D3890B /* Products */ = {
			isa = PBXGroup;
			children = (
				F4B061B92D88811A00D3890B /* CarLix.app */,
				F484E8772DBE75E0001CC5B1 /* CarLixTests.xctest */,
			);
			name = Products;
			sourceTree = "<group>";
		};
		F4C9F0342D8D552100DD2325 /* Frameworks */ = {
			isa = PBXGroup;
			children = (
			);
			name = Frameworks;
			sourceTree = "<group>";
		};
/* End PBXGroup section */

/* Begin PBXNativeTarget section */
		F484E8762DBE75E0001CC5B1 /* CarLixTests */ = {
			isa = PBXNativeTarget;
			buildConfigurationList = F484E87D2DBE75E0001CC5B1 /* Build configuration list for PBXNativeTarget "CarLixTests" */;
			buildPhases = (
				F484E8732DBE75E0001CC5B1 /* Sources */,
				F484E8742DBE75E0001CC5B1 /* Frameworks */,
				F484E8752DBE75E0001CC5B1 /* Resources */,
			);
			buildRules = (
			);
			dependencies = (
				F484E87C2DBE75E0001CC5B1 /* PBXTargetDependency */,
			);
			name = CarLixTests;
			packageProductDependencies = (
			);
			productName = CarLixTests;
			productReference = F484E8772DBE75E0001CC5B1 /* CarLixTests.xctest */;
			productType = "com.apple.product-type.bundle.unit-test";
		};
		F4B061B82D88811A00D3890B /* CarLix */ = {
			isa = PBXNativeTarget;
			buildConfigurationList = F4B061C72D88811B00D3890B /* Build configuration list for PBXNativeTarget "CarLix" */;
			buildPhases = (
				F4B061B52D88811A00D3890B /* Sources */,
				F4B061B62D88811A00D3890B /* Frameworks */,
				F4B061B72D88811A00D3890B /* Resources */,
			);
			buildRules = (
			);
			dependencies = (
			);
			fileSystemSynchronizedGroups = (
				F484E99E2DBE8C91001CC5B1 /* CarLix */,
			);
			name = CarLix;
			packageProductDependencies = (
				F4C9F0352D8D552100DD2325 /* FirebaseAuth */,
				F4C9F0372D8D552F00DD2325 /* FirebaseCore */,
				F490AA412D8EBAB300802102 /* FirebaseFirestore */,
				F498779D2DAAA79300CAF5F3 /* FirebaseStorage */,
			);
			productName = CarLix;
			productReference = F4B061B92D88811A00D3890B /* CarLix.app */;
			productType = "com.apple.product-type.application";
		};
/* End PBXNativeTarget section */

/* Begin PBXProject section */
		F4B061B12D88811A00D3890B /* Project object */ = {
			isa = PBXProject;
			attributes = {
				BuildIndependentTargetsInParallel = 1;
				LastSwiftUpdateCheck = 1620;
				LastUpgradeCheck = 1620;
				TargetAttributes = {
					F484E8762DBE75E0001CC5B1 = {
						CreatedOnToolsVersion = 16.2;
						TestTargetID = F4B061B82D88811A00D3890B;
					};
					F4B061B82D88811A00D3890B = {
						CreatedOnToolsVersion = 16.2;
					};
				};
			};
			buildConfigurationList = F4B061B42D88811A00D3890B /* Build configuration list for PBXProject "CarLix" */;
			developmentRegion = uk;
			hasScannedForEncodings = 0;
			knownRegions = (
				en,
				Base,
				uk,
			);
			mainGroup = F4B061B02D88811A00D3890B;
			minimizedProjectReferenceProxies = 1;
			packageReferences = (
				F4C9F0332D8D550B00DD2325 /* XCRemoteSwiftPackageReference "firebase-ios-sdk" */,
			);
			preferredProjectObjectVersion = 77;
			productRefGroup = F4B061BA2D88811A00D3890B /* Products */;
			projectDirPath = "";
			projectRoot = "";
			targets = (
				F4B061B82D88811A00D3890B /* CarLix */,
				F484E8762DBE75E0001CC5B1 /* CarLixTests */,
			);
		};
/* End PBXProject section */

/* Begin PBXResourcesBuildPhase section */
		F484E8752DBE75E0001CC5B1 /* Resources */ = {
			isa = PBXResourcesBuildPhase;
			buildActionMask = 2147483647;
			files = (
			);
			runOnlyForDeploymentPostprocessing = 0;
		};
		F4B061B72D88811A00D3890B /* Resources */ = {
			isa = PBXResourcesBuildPhase;
			buildActionMask = 2147483647;
			files = (
			);
			runOnlyForDeploymentPostprocessing = 0;
		};
/* End PBXResourcesBuildPhase section */

/* Begin PBXSourcesBuildPhase section */
		F484E8732DBE75E0001CC5B1 /* Sources */ = {
			isa = PBXSourcesBuildPhase;
			buildActionMask = 2147483647;
			files = (
			);
			runOnlyForDeploymentPostprocessing = 0;
		};
		F4B061B52D88811A00D3890B /* Sources */ = {
			isa = PBXSourcesBuildPhase;
			buildActionMask = 2147483647;
			files = (
			);
			runOnlyForDeploymentPostprocessing = 0;
		};
/* End PBXSourcesBuildPhase section */

/* Begin PBXTargetDependency section */
		F484E87C2DBE75E0001CC5B1 /* PBXTargetDependency */ = {
			isa = PBXTargetDependency;
			target = F4B061B82D88811A00D3890B /* CarLix */;
			targetProxy = F484E87B2DBE75E0001CC5B1 /* PBXContainerItemProxy */;
		};
/* End PBXTargetDependency section */

/* Begin XCBuildConfiguration section */
		F484E87E2DBE75E0001CC5B1 /* Debug */ = {
			isa = XCBuildConfiguration;
			buildSettings = {
				BUNDLE_LOADER = "$(TEST_HOST)";
				CODE_SIGN_STYLE = Automatic;
				CURRENT_PROJECT_VERSION = 1;
				DEVELOPMENT_TEAM = 6GA6W2287X;
				GENERATE_INFOPLIST_FILE = YES;
				IPHONEOS_DEPLOYMENT_TARGET = 17.0;
				MARKETING_VERSION = 1.0;
				PRODUCT_BUNDLE_IDENTIFIER = com.illia.CarLixTests;
				PRODUCT_NAME = "$(TARGET_NAME)";
				SWIFT_EMIT_LOC_STRINGS = NO;
				SWIFT_VERSION = 5.0;
				TARGETED_DEVICE_FAMILY = "1,2";
				TEST_HOST = "$(BUILT_PRODUCTS_DIR)/CarLix.app/$(BUNDLE_EXECUTABLE_FOLDER_PATH)/CarLix";
			};
			name = Debug;
		};
		F484E87F2DBE75E0001CC5B1 /* Release */ = {
			isa = XCBuildConfiguration;
			buildSettings = {
				BUNDLE_LOADER = "$(TEST_HOST)";
				CODE_SIGN_STYLE = Automatic;
				CURRENT_PROJECT_VERSION = 1;
				DEVELOPMENT_TEAM = 6GA6W2287X;
				GENERATE_INFOPLIST_FILE = YES;
				IPHONEOS_DEPLOYMENT_TARGET = 17.0;
				MARKETING_VERSION = 1.0;
				PRODUCT_BUNDLE_IDENTIFIER = com.illia.CarLixTests;
				PRODUCT_NAME = "$(TARGET_NAME)";
				SWIFT_EMIT_LOC_STRINGS = NO;
				SWIFT_VERSION = 5.0;
				TARGETED_DEVICE_FAMILY = "1,2";
				TEST_HOST = "$(BUILT_PRODUCTS_DIR)/CarLix.app/$(BUNDLE_EXECUTABLE_FOLDER_PATH)/CarLix";
			};
			name = Release;
		};
		F4B061C52D88811B00D3890B /* Debug */ = {
			isa = XCBuildConfiguration;
			buildSettings = {
				ALWAYS_SEARCH_USER_PATHS = NO;
				ASSETCATALOG_COMPILER_GENERATE_SWIFT_ASSET_SYMBOL_EXTENSIONS = YES;
				CLANG_ANALYZER_NONNULL = YES;
				CLANG_ANALYZER_NUMBER_OBJECT_CONVERSION = YES_AGGRESSIVE;
				CLANG_CXX_LANGUAGE_STANDARD = "gnu++20";
				CLANG_ENABLE_MODULES = YES;
				CLANG_ENABLE_OBJC_ARC = YES;
				CLANG_ENABLE_OBJC_WEAK = YES;
				CLANG_WARN_BLOCK_CAPTURE_AUTORELEASING = YES;
				CLANG_WARN_BOOL_CONVERSION = YES;
				CLANG_WARN_COMMA = YES;
				CLANG_WARN_CONSTANT_CONVERSION = YES;
				CLANG_WARN_DEPRECATED_OBJC_IMPLEMENTATIONS = YES;
				CLANG_WARN_DIRECT_OBJC_ISA_USAGE = YES_ERROR;
				CLANG_WARN_DOCUMENTATION_COMMENTS = YES;
				CLANG_WARN_EMPTY_BODY = YES;
				CLANG_WARN_ENUM_CONVERSION = YES;
				CLANG_WARN_INFINITE_RECURSION = YES;
				CLANG_WARN_INT_CONVERSION = YES;
				CLANG_WARN_NON_LITERAL_NULL_CONVERSION = YES;
				CLANG_WARN_OBJC_IMPLICIT_RETAIN_SELF = YES;
				CLANG_WARN_OBJC_LITERAL_CONVERSION = YES;
				CLANG_WARN_OBJC_ROOT_CLASS = YES_ERROR;
				CLANG_WARN_QUOTED_INCLUDE_IN_FRAMEWORK_HEADER = YES;
				CLANG_WARN_RANGE_LOOP_ANALYSIS = YES;
				CLANG_WARN_STRICT_PROTOTYPES = YES;
				CLANG_WARN_SUSPICIOUS_MOVE = YES;
				CLANG_WARN_UNGUARDED_AVAILABILITY = YES_AGGRESSIVE;
				CLANG_WARN_UNREACHABLE_CODE = YES;
				CLANG_WARN__DUPLICATE_METHOD_MATCH = YES;
				COPY_PHASE_STRIP = NO;
				DEBUG_INFORMATION_FORMAT = dwarf;
				ENABLE_STRICT_OBJC_MSGSEND = YES;
				ENABLE_TESTABILITY = YES;
				ENABLE_USER_SCRIPT_SANDBOXING = YES;
				GCC_C_LANGUAGE_STANDARD = gnu17;
				GCC_DYNAMIC_NO_PIC = NO;
				GCC_NO_COMMON_BLOCKS = YES;
				GCC_OPTIMIZATION_LEVEL = 0;
				GCC_PREPROCESSOR_DEFINITIONS = (
					"DEBUG=1",
					"$(inherited)",
				);
				GCC_WARN_64_TO_32_BIT_CONVERSION = YES;
				GCC_WARN_ABOUT_RETURN_TYPE = YES_ERROR;
				GCC_WARN_UNDECLARED_SELECTOR = YES;
				GCC_WARN_UNINITIALIZED_AUTOS = YES_AGGRESSIVE;
				GCC_WARN_UNUSED_FUNCTION = YES;
				GCC_WARN_UNUSED_VARIABLE = YES;
				IPHONEOS_DEPLOYMENT_TARGET = 18.2;
				LOCALIZATION_PREFERS_STRING_CATALOGS = YES;
				MTL_ENABLE_DEBUG_INFO = INCLUDE_SOURCE;
				MTL_FAST_MATH = YES;
				ONLY_ACTIVE_ARCH = YES;
				SDKROOT = iphoneos;
				SWIFT_ACTIVE_COMPILATION_CONDITIONS = "DEBUG $(inherited)";
				SWIFT_EMIT_LOC_STRINGS = YES;
				SWIFT_OPTIMIZATION_LEVEL = "-Onone";
			};
			name = Debug;
		};
		F4B061C62D88811B00D3890B /* Release */ = {
			isa = XCBuildConfiguration;
			buildSettings = {
				ALWAYS_SEARCH_USER_PATHS = NO;
				ASSETCATALOG_COMPILER_GENERATE_SWIFT_ASSET_SYMBOL_EXTENSIONS = YES;
				CLANG_ANALYZER_NONNULL = YES;
				CLANG_ANALYZER_NUMBER_OBJECT_CONVERSION = YES_AGGRESSIVE;
				CLANG_CXX_LANGUAGE_STANDARD = "gnu++20";
				CLANG_ENABLE_MODULES = YES;
				CLANG_ENABLE_OBJC_ARC = YES;
				CLANG_ENABLE_OBJC_WEAK = YES;
				CLANG_WARN_BLOCK_CAPTURE_AUTORELEASING = YES;
				CLANG_WARN_BOOL_CONVERSION = YES;
				CLANG_WARN_COMMA = YES;
				CLANG_WARN_CONSTANT_CONVERSION = YES;
				CLANG_WARN_DEPRECATED_OBJC_IMPLEMENTATIONS = YES;
				CLANG_WARN_DIRECT_OBJC_ISA_USAGE = YES_ERROR;
				CLANG_WARN_DOCUMENTATION_COMMENTS = YES;
				CLANG_WARN_EMPTY_BODY = YES;
				CLANG_WARN_ENUM_CONVERSION = YES;
				CLANG_WARN_INFINITE_RECURSION = YES;
				CLANG_WARN_INT_CONVERSION = YES;
				CLANG_WARN_NON_LITERAL_NULL_CONVERSION = YES;
				CLANG_WARN_OBJC_IMPLICIT_RETAIN_SELF = YES;
				CLANG_WARN_OBJC_LITERAL_CONVERSION = YES;
				CLANG_WARN_OBJC_ROOT_CLASS = YES_ERROR;
				CLANG_WARN_QUOTED_INCLUDE_IN_FRAMEWORK_HEADER = YES;
				CLANG_WARN_RANGE_LOOP_ANALYSIS = YES;
				CLANG_WARN_STRICT_PROTOTYPES = YES;
				CLANG_WARN_SUSPICIOUS_MOVE = YES;
				CLANG_WARN_UNGUARDED_AVAILABILITY = YES_AGGRESSIVE;
				CLANG_WARN_UNREACHABLE_CODE = YES;
				CLANG_WARN__DUPLICATE_METHOD_MATCH = YES;
				COPY_PHASE_STRIP = NO;
				DEBUG_INFORMATION_FORMAT = "dwarf-with-dsym";
				ENABLE_NS_ASSERTIONS = NO;
				ENABLE_STRICT_OBJC_MSGSEND = YES;
				ENABLE_USER_SCRIPT_SANDBOXING = YES;
				GCC_C_LANGUAGE_STANDARD = gnu17;
				GCC_NO_COMMON_BLOCKS = YES;
				GCC_WARN_64_TO_32_BIT_CONVERSION = YES;
				GCC_WARN_ABOUT_RETURN_TYPE = YES_ERROR;
				GCC_WARN_UNDECLARED_SELECTOR = YES;
				GCC_WARN_UNINITIALIZED_AUTOS = YES_AGGRESSIVE;
				GCC_WARN_UNUSED_FUNCTION = YES;
				GCC_WARN_UNUSED_VARIABLE = YES;
				IPHONEOS_DEPLOYMENT_TARGET = 18.2;
				LOCALIZATION_PREFERS_STRING_CATALOGS = YES;
				MTL_ENABLE_DEBUG_INFO = NO;
				MTL_FAST_MATH = YES;
				SDKROOT = iphoneos;
				SWIFT_COMPILATION_MODE = wholemodule;
				SWIFT_EMIT_LOC_STRINGS = YES;
				VALIDATE_PRODUCT = YES;
			};
			name = Release;
		};
		F4B061C82D88811B00D3890B /* Debug */ = {
			isa = XCBuildConfiguration;
			buildSettings = {
				ASSETCATALOG_COMPILER_APPICON_NAME = AppIcon;
				ASSETCATALOG_COMPILER_GLOBAL_ACCENT_COLOR_NAME = AccentColor;
				CODE_SIGN_STYLE = Automatic;
				CURRENT_PROJECT_VERSION = 1;
				DEVELOPMENT_ASSET_PATHS = "\"CarLix/Preview Content\"";
				DEVELOPMENT_TEAM = 6GA6W2287X;
				ENABLE_PREVIEWS = YES;
				GENERATE_INFOPLIST_FILE = YES;
				INFOPLIST_FILE = CarLix/Info.plist;
				INFOPLIST_KEY_UIApplicationSceneManifest_Generation = YES;
				INFOPLIST_KEY_UIApplicationSupportsIndirectInputEvents = YES;
				INFOPLIST_KEY_UILaunchScreen_Generation = YES;
				INFOPLIST_KEY_UIStatusBarStyle = UIStatusBarStyleLightContent;
				INFOPLIST_KEY_UISupportedInterfaceOrientations = UIInterfaceOrientationPortrait;
				IPHONEOS_DEPLOYMENT_TARGET = 17.0;
				LD_RUNPATH_SEARCH_PATHS = (
					"$(inherited)",
					"@executable_path/Frameworks",
				);
				MARKETING_VERSION = 1.0;
				PRODUCT_BUNDLE_IDENTIFIER = illia.com.CarLix;
				PRODUCT_NAME = "$(TARGET_NAME)";
				SWIFT_EMIT_LOC_STRINGS = YES;
				SWIFT_VERSION = 5.0;
				TARGETED_DEVICE_FAMILY = "1,2";
			};
			name = Debug;
		};
		F4B061C92D88811B00D3890B /* Release */ = {
			isa = XCBuildConfiguration;
			buildSettings = {
				ASSETCATALOG_COMPILER_APPICON_NAME = AppIcon;
				ASSETCATALOG_COMPILER_GLOBAL_ACCENT_COLOR_NAME = AccentColor;
				CODE_SIGN_STYLE = Automatic;
				CURRENT_PROJECT_VERSION = 1;
				DEVELOPMENT_ASSET_PATHS = "\"CarLix/Preview Content\"";
				DEVELOPMENT_TEAM = 6GA6W2287X;
				ENABLE_PREVIEWS = YES;
				GENERATE_INFOPLIST_FILE = YES;
				INFOPLIST_FILE = CarLix/Info.plist;
				INFOPLIST_KEY_UIApplicationSceneManifest_Generation = YES;
				INFOPLIST_KEY_UIApplicationSupportsIndirectInputEvents = YES;
				INFOPLIST_KEY_UILaunchScreen_Generation = YES;
				INFOPLIST_KEY_UIStatusBarStyle = UIStatusBarStyleLightContent;
				INFOPLIST_KEY_UISupportedInterfaceOrientations = UIInterfaceOrientationPortrait;
				IPHONEOS_DEPLOYMENT_TARGET = 17.0;
				LD_RUNPATH_SEARCH_PATHS = (
					"$(inherited)",
					"@executable_path/Frameworks",
				);
				MARKETING_VERSION = 1.0;
				PRODUCT_BUNDLE_IDENTIFIER = illia.com.CarLix;
				PRODUCT_NAME = "$(TARGET_NAME)";
				SWIFT_EMIT_LOC_STRINGS = YES;
				SWIFT_VERSION = 5.0;
				TARGETED_DEVICE_FAMILY = "1,2";
			};
			name = Release;
		};
/* End XCBuildConfiguration section */

/* Begin XCConfigurationList section */
		F484E87D2DBE75E0001CC5B1 /* Build configuration list for PBXNativeTarget "CarLixTests" */ = {
			isa = XCConfigurationList;
			buildConfigurations = (
				F484E87E2DBE75E0001CC5B1 /* Debug */,
				F484E87F2DBE75E0001CC5B1 /* Release */,
			);
			defaultConfigurationIsVisible = 0;
			defaultConfigurationName = Release;
		};
		F4B061B42D88811A00D3890B /* Build configuration list for PBXProject "CarLix" */ = {
			isa = XCConfigurationList;
			buildConfigurations = (
				F4B061C52D88811B00D3890B /* Debug */,
				F4B061C62D88811B00D3890B /* Release */,
			);
			defaultConfigurationIsVisible = 0;
			defaultConfigurationName = Release;
		};
		F4B061C72D88811B00D3890B /* Build configuration list for PBXNativeTarget "CarLix" */ = {
			isa = XCConfigurationList;
			buildConfigurations = (
				F4B061C82D88811B00D3890B /* Debug */,
				F4B061C92D88811B00D3890B /* Release */,
			);
			defaultConfigurationIsVisible = 0;
			defaultConfigurationName = Release;
		};
/* End XCConfigurationList section */

/* Begin XCRemoteSwiftPackageReference section */
		F4C9F0332D8D550B00DD2325 /* XCRemoteSwiftPackageReference "firebase-ios-sdk" */ = {
			isa = XCRemoteSwiftPackageReference;
			repositoryURL = "https://github.com/firebase/firebase-ios-sdk";
			requirement = {
				kind = upToNextMajorVersion;
				minimumVersion = 11.10.0;
			};
		};
/* End XCRemoteSwiftPackageReference section */

/* Begin XCSwiftPackageProductDependency section */
		F490AA412D8EBAB300802102 /* FirebaseFirestore */ = {
			isa = XCSwiftPackageProductDependency;
			package = F4C9F0332D8D550B00DD2325 /* XCRemoteSwiftPackageReference "firebase-ios-sdk" */;
			productName = FirebaseFirestore;
		};
		F498779D2DAAA79300CAF5F3 /* FirebaseStorage */ = {
			isa = XCSwiftPackageProductDependency;
			package = F4C9F0332D8D550B00DD2325 /* XCRemoteSwiftPackageReference "firebase-ios-sdk" */;
			productName = FirebaseStorage;
		};
		F4C9F0352D8D552100DD2325 /* FirebaseAuth */ = {
			isa = XCSwiftPackageProductDependency;
			package = F4C9F0332D8D550B00DD2325 /* XCRemoteSwiftPackageReference "firebase-ios-sdk" */;
			productName = FirebaseAuth;
		};
		F4C9F0372D8D552F00DD2325 /* FirebaseCore */ = {
			isa = XCSwiftPackageProductDependency;
			package = F4C9F0332D8D550B00DD2325 /* XCRemoteSwiftPackageReference "firebase-ios-sdk" */;
			productName = FirebaseCore;
		};
/* End XCSwiftPackageProductDependency section */
	};
	rootObject = F4B061B12D88811A00D3890B /* Project object */;
}
